{
  "name": "rp-cinematic-local-scene-llm",
  "lockfileVersion": 3,
  "requires": true,
  "packages": {
    "": {
      "dependencies": {
        "pinyin-pro": "3.29.4"
      },
      "name": "rp-cinematic-local-scene-llm",
      "version": "2.9.57",
      "license": "MIT",
      "engines": {
        "node": ">=18"
      }
    },
    "node_modules/pinyin-pro": {
      "version": "3.29.4",
      "resolved": "https://registry.npmjs.org/pinyin-pro/-/pinyin-pro-3.29.4.tgz",
      "integrity": "sha512-SPXpDT2cHEy+d26V1RXYMlVzXN42hotFAak1fzyWPi4o2dKXb61UqD4pzxDJHwk6gbv8vQ6EfErd+hYX0Qhzug==",
      "license": "MIT"
    }
  },
  "version": "2.9.57"
}
